
Microsoft Visual Studio Solution File, Format Version 12.00
# Visual Studio Version 17
VisualStudioVersion = 17.0.32112.339
MinimumVisualStudioVersion = 10.0.40219.1
Project("{9A19103F-16F7-4668-BE54-9A1E7A4F7556}") = "CategoryApp", "TodoApp\CategoryApp.csproj", "{301047B4-A3F1-4408-8338-8B816EAE5663}"
EndProject
Global
	GlobalSection(SolutionConfigurationPlatforms) = preSolution
		Debug|Any CPU = Debug|Any CPU
		Release|Any CPU = Release|Any CPU
	EndGlobalSection
	GlobalSection(ProjectConfigurationPlatforms) = postSolution
		{301047B4-A3F1-4408-8338-8B816EAE5663}.Debug|Any CPU.ActiveCfg = Debug|Any CPU
		{301047B4-A3F1-4408-8338-8B816EAE5663}.Debug|Any CPU.Build.0 = Debug|Any CPU
		{301047B4-A3F1-4408-8338-8B816EAE5663}.Release|Any CPU.ActiveCfg = Release|Any CPU
		{301047B4-A3F1-4408-8338-8B816EAE5663}.Release|Any CPU.Build.0 = Release|Any CPU
	EndGlobalSection
	GlobalSection(SolutionProperties) = preSolution
		HideSolutionNode = FALSE
	EndGlobalSection
	GlobalSection(ExtensibilityGlobals) = postSolution
		SolutionGuid = {9E9CCFBC-B3C4-4E02-A09E-C6C5BCB1B25E}
	EndGlobalSection
EndGlobal
